
Microsoft Visual Studio Solution File, Format Version 12.00
# Visual Studio Version 17
VisualStudioVersion = 17.7.34221.43
MinimumVisualStudioVersion = 10.0.40219.1
Project("{FAE04EC0-301F-11D3-BF4B-00C04F79EFBC}") = "ExamenPA", "ExamenPA.csproj", "{6EF5FDAD-F2C3-4204-93E7-82D0AB5BAB56}"
EndProject
Global
	GlobalSection(SolutionConfigurationPlatforms) = preSolution
		Debug|Any CPU = Debug|Any CPU
		Release|Any CPU = Release|Any CPU
	EndGlobalSection
	GlobalSection(ProjectConfigurationPlatforms) = postSolution
		{6EF5FDAD-F2C3-4204-93E7-82D0AB5BAB56}.Debug|Any CPU.ActiveCfg = Debug|Any CPU
		{6EF5FDAD-F2C3-4204-93E7-82D0AB5BAB56}.Debug|Any CPU.Build.0 = Debug|Any CPU
		{6EF5FDAD-F2C3-4204-93E7-82D0AB5BAB56}.Release|Any CPU.ActiveCfg = Release|Any CPU
		{6EF5FDAD-F2C3-4204-93E7-82D0AB5BAB56}.Release|Any CPU.Build.0 = Release|Any CPU
	EndGlobalSection
	GlobalSection(SolutionProperties) = preSolution
		HideSolutionNode = FALSE
	EndGlobalSection
	GlobalSection(ExtensibilityGlobals) = postSolution
		SolutionGuid = {750710EA-A656-403E-9D8D-C4DD567061F2}
	EndGlobalSection
EndGlobal
